github.com/a-h/templ v0.3.833 h1:L/KOk/0VvVTBegtE0fp2RJQiBm7/52Zxv5fqlEHiQUU=
github.com/a-h/templ v0.3.833/go.mod h1:cAu4AiZhtJfBjMY0HASlyzvkrtjnHWPeEsyGK2YYmfk=
github.com/aws/aws-sdk-go-v2 v1.29.0 h1:uMlEecEwgp2gs6CsM6ugquNHr6mg0LHylPBR8u5Ojac=
github.com/aws/aws-sdk-go-v2 v1.29.0/go.mod h1:ffIFB97e2yNsv4aTSGkqtHnppsIJzw7G7BReUZ3jCXM=
github.com/aws/aws-sdk-go-v2/aws/protocol/eventstream v1.6.1 h1:gTK2uhtAPtFcdRRJilZPx8uJLL2J85xK11nKtWL0wfU=
github.com/aws/aws-sdk-go-v2/aws/protocol/eventstream v1.6.1/go.mod h1:sxpLb+nZk7tIfCWChfd+h4QwHNUR57d8hA1cleTkjJo=
github.com/aws/aws-sdk-go-v2/config v1.27.0 h1:J5sdGCAHuWKIXLeXiqr8II/adSvetkx0qdZwdbXXpb0=
github.com/aws/aws-sdk-go-v2/config v1.27.0/go.mod h1:cfh8v69nuSUohNFMbIISP2fhmblGmYEOKs5V53HiHnk=
github.com/aws/aws-sdk-go-v2/credentials v1.17.0 h1:lMW2x6sKBsiAJrpi1doOXqWFyEPoE886DTb1X0wb7So=
github.com/aws/aws-sdk-go-v2/credentials v1.17.0/go.mod h1:uT41FIH8cCIxOdUYIL0PYyHlL1NoneDuDSCwg5VE/5o=
github.com/aws/aws-sdk-go-v2/feature/dynamodb/attributevalue v1.13.0 h1:fGT8LonG+MYsHpcMt5i02nRRiN47e2OfMTUSf9hV+1c=
github.com/aws/aws-sdk-go-v2/feature/dynamodb/attributevalue v1.13.0/go.mod h1:ZPI4T1e58+Y9oBwn2mMO7HDaTi5ZRswWivzEYSoD1QY=
github.com/aws/aws-sdk-go-v2/feature/ec2/imds v1.15.0 h1:xWCwjjvVz2ojYTP4kBKUuUh9ZrXfcAXpflhOUUeXg1k=
github.com/aws/aws-sdk-go-v2/feature/ec2/imds v1.15.0/go.mod h1:j3fACuqXg4oMTQOR2yY7m0NmJY0yBK4L4sLsRXq1Ins=
github.com/aws/aws-sdk-go-v2/internal/configsources v1.3.4 h1:0ScVK/4qZ8CIW0k8jOeFVsyS/sAiXpYxRBLolMkuLQM=
github.com/aws/aws-sdk-go-v2/internal/configsources v1.3.4/go.mod h1:84KyjNZdHC6QZW08nfHI6yZgPd+qRgaWcYsyLUo3QY8=
github.com/aws/aws-sdk-go-v2/internal/endpoints/v2 v2.6.4 h1:sHmMWWX5E7guWEFQ9SVo6A3S4xpPrWnd77a6y4WM6PU=
github.com/aws/aws-sdk-go-v2/internal/endpoints/v2 v2.6.4/go.mod h1:WjpDrhWisWOIoS9n3nk67A3Ll1vfULJ9Kq6h29HTD48=
github.com/aws/aws-sdk-go-v2/internal/ini v1.8.0 h1:hT8rVHwugYE2lEfdFE0QWVo81lF7jMrYJVDWI+f+VxU=
github.com/aws/aws-sdk-go-v2/internal/ini v1.8.0/go.mod h1:8tu/lYfQfFe6IGnaOdrpVgEL2IrrDOf6/m9RQum4NkY=
github.com/aws/aws-sdk-go-v2/internal/v4a v1.3.1 h1:rtYJd3w6IWCTVS8vmMaiXjW198noh2PBm5CiXyJea9o=
github.com/aws/aws-sdk-go-v2/internal/v4a v1.3.1/go.mod h1:zvXu+CTlib30LUy4LTNFc6HTZ/K6zCae5YIHTdX9wIo=
github.com/aws/aws-sdk-go-v2/service/dynamodb v1.31.0 h1:LtsNRZ6+ZYIbJcPiLHcefXeWkw2DZT9iJyXJJQvhvXw=
github.com/aws/aws-sdk-go-v2/service/dynamodb v1.31.0/go.mod h1:ua1eYOCxAAT0PUY3LAi9bUFuKJHC/iAksBLqR1Et7aU=
github.com/aws/aws-sdk-go-v2/service/dynamodbstreams v1.19.0 h1:/U4z6jbdY9nO9ZL0PNjxp9460GcIrAldxkYov2JbuI0=
github.com/aws/aws-sdk-go-v2/service/dynamodbstreams v1.19.0/go.mod h1:0FgUg08+1knEoYHo0pa8ogm7D9sjH79lHnRzCNGk/6Q=
github.com/aws/aws-sdk-go-v2/service/internal/accept-encoding v1.11.1 h1:EyBZibRTVAs6ECHZOw5/wlylS9OcTzwyjeQMudmREjE=
github.com/aws/aws-sdk-go-v2/service/internal/accept-encoding v1.11.1/go.mod h1:JKpmtYhhPs7D97NL/ltqz7yCkERFW5dOlHyVl66ZYF8=
github.com/aws/aws-sdk-go-v2/service/internal/checksum v1.3.1 h1:5Wxh862HkXL9CbQ83BIkWKLIgQapGeuh5zG2G9OZtQk=
github.com/aws/aws-sdk-go-v2/service/internal/checksum v1.3.1/go.mod h1:V7GLA01pNUxMCYSQsibdVrqUrNIYIT/9lCOyR8ExNvQ=
github.com/aws/aws-sdk-go-v2/service/internal/endpoint-discovery v1.9.5 h1:4vkDuYdXXD2xLgWmNalqH3q4u/d1XnaBMBXdVdZXVp0=
github.com/aws/aws-sdk-go-v2/service/internal/endpoint-discovery v1.9.5/go.mod h1:Ko/RW/qUJyM1rdTzZa74uhE2I0t0VXH0ob/MLcc+q+w=
github.com/aws/aws-sdk-go-v2/service/internal/presigned-url v1.11.1 h1:cVP8mng1RjDyI3JN/AXFCn5FHNlsBaBH0/MBtG1bg0o=
github.com/aws/aws-sdk-go-v2/service/internal/presigned-url v1.11.1/go.mod h1:C8sQjoyAsdfjC7hpy4+S6B92hnFzx0d0UAyHicaOTIE=
github.com/aws/aws-sdk-go-v2/service/internal/s3shared v1.17.1 h1:OYmmIcyw19f7x0qLBLQ3XsrCZSSyLhxd9GXng5evsN4=
github.com/aws/aws-sdk-go-v2/service/internal/s3shared v1.17.1/go.mod h1:s5rqdn74Vdg10k61Pwf4ZHEApOSD6CKRe6qpeHDq32I=
github.com/aws/aws-sdk-go-v2/service/s3 v1.51.0 h1:rNVsCe3bqTAhG+qjnHJKgYKdHEsqqo/GMK3gEYY8W6g=
github.com/aws/aws-sdk-go-v2/service/s3 v1.51.0/go.mod h1:lTW7O4iMAnO2o7H3XJTvqaWFZCH6zIPs+eP7RdG/yp0=
github.com/aws/aws-sdk-go-v2/service/sso v1.19.0 h1:u6OkVDxtBPnxPkZ9/63ynEe+8kHbtS5IfaC4PzVxzWM=
github.com/aws/aws-sdk-go-v2/service/sso v1.19.0/go.mod h1:YqbU3RS/pkDVu+v+Nwxvn0i1WB0HkNWEePWbmODEbbs=
github.com/aws/aws-sdk-go-v2/service/ssooidc v1.22.0 h1:6DL0qu5+315wbsAEEmzK+P9leRwNbkp+lGjPC+CEvb8=
github.com/aws/aws-sdk-go-v2/service/ssooidc v1.22.0/go.mod h1:olUAyg+FaoFaL/zFaeQQONjOZ9HXoxgvI/c7mQTYz7M=
github.com/aws/aws-sdk-go-v2/service/sts v1.27.0 h1:cjTRjh700H36MQ8M0LnDn33W3JmwC77mdxIIyPWCdpM=
github.com/aws/aws-sdk-go-v2/service/sts v1.27.0/go.mod h1:nXfOBMWPokIbOY+Gi7a1psWMSvskUCemZzI+SMB7Akc=
github.com/aws/smithy-go v1.20.2 h1:tbp628ireGtzcHDDmLT/6ADHidqnwgF57XOXZe6tp4Q=
github.com/aws/smithy-go v1.20.2/go.mod h1:krry+ya/rV9RDcV/Q16kpu6ypI4K2czasz0NC3qS14E=
github.com/davecgh/go-spew v1.1.0 h1:ZDRjVQ15GmhC3fiQ8ni8+OwkZQO4DARzQgrnXU1Liz8=
github.com/davecgh/go-spew v1.1.0/go.mod h1:J7Y8YcW2NihsgmVo/mv3lAwl/skON4iLHjSsI+c5H38=
github.com/google/go-cmp v0.5.8 h1:e6P7q2lk1O+qJJb4BtCQXlK8vWEO8V1ZeuEdJNOqZyg=
github.com/google/go-cmp v0.5.8/go.mod h1:17dUlkBOakJ0+DkrSSNjCkIjxS6bF9zb3elmeNGIjoY=
github.com/gorilla/mux v1.8.1 h1:TuBL49tXwgrFYWhqrNgrUNEY92u81SPhu7sTdzQEiWY=
github.com/gorilla/mux v1.8.1/go.mod h1:AKf9I4AEqPTmMytcMc0KkNouC66V3BtZ4qD5fmWSiMQ=
github.com/jmespath/go-jmespath v0.4.0 h1:BEgLn5cpjn8UN1mAw4NjwDrS35OdebyEtFe+9YPoQUg=
github.com/jmespath/go-jmespath v0.4.0/go.mod h1:T8mJZnbsbmF+m6zOOFylbeCJqk5+pHWvzYPziyZiYoo=
github.com/jmespath/go-jmespath/internal/testify v1.5.1 h1:shLQSRRSCCPj3f2gpwzGwWFoC7ycTf1rcQZHOlsJ6N8=
github.com/jmespath/go-jmespath/internal/testify v1.5.1/go.mod h1:L3OGu8Wl2/fWfCI6z80xFu9LTZmf1ZRjMHUOPmWr69U=
github.com/joho/godotenv v1.5.1 h1:7eLL/+HRGLY0ldzfGMeQkb7vMd0as4CfYvUVzLqw0N0=
github.com/joho/godotenv v1.5.1/go.mod h1:f4LDr5Voq0i2e/R5DDNOoa2zzDfwtkZa6DnEwAbqwq4=
github.com/pmezard/go-difflib v1.0.0 h1:4DBwDE0NGyQoBHbLQYPwSUPoCMWR5BEzIk/f1lZbAQM=
github.com/pmezard/go-difflib v1.0.0/go.mod h1:iKH77koFhYxTK1pcRnkKkqfTogsbg7gZNVY4sRDYZ/4=
github.com/stretchr/objx v0.1.0/go.mod h1:HFkY916IF+rwdDfMAkV7OtwuqBVzrE8GR6GFx+wExME=
gopkg.in/check.v1 v0.0.0-20161208181325-20d25e280405/go.mod h1:Co6ibVJAznAaIkqp8huTwlJQCZ016jof/cbN4VW5Yz0=
gopkg.in/yaml.v2 v2.2.8 h1:obN1ZagJSUGI0Ek/LBmuj4SNLPfIny3KsKFopxRdj10=
gopkg.in/yaml.v2 v2.2.8/go.mod h1:hI93XBmqTisBFMUTm0b8Fm+jr3Dg1NNxqwp+5A1VGuI=
